// !$*UTF8*$!
{
	archiveVersion = 1;
	classes = {
	};
	objectVersion = 56;
	objects = {

/* Begin PBXBuildFile section */
		322419692A9C452600DB2901 /* MediaListCellViewModel.swift in Sources */ = {isa = PBXBuildFile; fileRef = 322419682A9C452600DB2901 /* MediaListCellViewModel.swift */; };
		3224196D2A9C5BE600DB2901 /* MovieListView.swift in Sources */ = {isa = PBXBuildFile; fileRef = 3224196C2A9C5BE600DB2901 /* MovieListView.swift */; };
		3224196F2A9C607D00DB2901 /* SeriesListView.swift in Sources */ = {isa = PBXBuildFile; fileRef = 3224196E2A9C607D00DB2901 /* SeriesListView.swift */; };
		322419712A9C71B500DB2901 /* UpcomingEpisodesListView.swift in Sources */ = {isa = PBXBuildFile; fileRef = 322419702A9C71B500DB2901 /* UpcomingEpisodesListView.swift */; };
		3227B85F2A98926E005529ED /* CineScopeApp.swift in Sources */ = {isa = PBXBuildFile; fileRef = 3227B85E2A98926E005529ED /* CineScopeApp.swift */; };
		3227B8612A98926E005529ED /* ContentView.swift in Sources */ = {isa = PBXBuildFile; fileRef = 3227B8602A98926E005529ED /* ContentView.swift */; };
		3227B8632A989271005529ED /* Assets.xcassets in Resources */ = {isa = PBXBuildFile; fileRef = 3227B8622A989271005529ED /* Assets.xcassets */; };
		3227B8662A989271005529ED /* Preview Assets.xcassets in Resources */ = {isa = PBXBuildFile; fileRef = 3227B8652A989271005529ED /* Preview Assets.xcassets */; };
		3227B8682A989271005529ED /* Persistence.swift in Sources */ = {isa = PBXBuildFile; fileRef = 3227B8672A989271005529ED /* Persistence.swift */; };
		3227B86B2A989271005529ED /* CineScope.xcdatamodeld in Sources */ = {isa = PBXBuildFile; fileRef = 3227B8692A989271005529ED /* CineScope.xcdatamodeld */; };
		3227B8722A989515005529ED /* ContentView2.swift in Sources */ = {isa = PBXBuildFile; fileRef = 3227B8712A989515005529ED /* ContentView2.swift */; };
		3227B8742A989550005529ED /* MovieModels.swift in Sources */ = {isa = PBXBuildFile; fileRef = 3227B8732A989550005529ED /* MovieModels.swift */; };
		3227B8772A98A493005529ED /* NetworkManager.swift in Sources */ = {isa = PBXBuildFile; fileRef = 3227B8762A98A493005529ED /* NetworkManager.swift */; };
		3270319E2A9B9D2300FF0A84 /* Media_ListViewModel.swift in Sources */ = {isa = PBXBuildFile; fileRef = 3270319D2A9B9D2300FF0A84 /* Media_ListViewModel.swift */; };
		327031A02A9BB6DA00FF0A84 /* MediaListCell.swift in Sources */ = {isa = PBXBuildFile; fileRef = 3270319F2A9BB6DA00FF0A84 /* MediaListCell.swift */; };
		327031A32A9BB8F700FF0A84 /* URLImage in Frameworks */ = {isa = PBXBuildFile; productRef = 327031A22A9BB8F700FF0A84 /* URLImage */; };
		327031A52A9BB8F700FF0A84 /* URLImageStore in Frameworks */ = {isa = PBXBuildFile; productRef = 327031A42A9BB8F700FF0A84 /* URLImageStore */; };
/* End PBXBuildFile section */

/* Begin PBXFileReference section */
		322419682A9C452600DB2901 /* MediaListCellViewModel.swift */ = {isa = PBXFileReference; lastKnownFileType = sourcecode.swift; path = MediaListCellViewModel.swift; sourceTree = "<group>"; };
		3224196C2A9C5BE600DB2901 /* MovieListView.swift */ = {isa = PBXFileReference; lastKnownFileType = sourcecode.swift; path = MovieListView.swift; sourceTree = "<group>"; };
		3224196E2A9C607D00DB2901 /* SeriesListView.swift */ = {isa = PBXFileReference; lastKnownFileType = sourcecode.swift; path = SeriesListView.swift; sourceTree = "<group>"; };
		322419702A9C71B500DB2901 /* UpcomingEpisodesListView.swift */ = {isa = PBXFileReference; lastKnownFileType = sourcecode.swift; path = UpcomingEpisodesListView.swift; sourceTree = "<group>"; };
		3227B85B2A98926E005529ED /* CineScope.app */ = {isa = PBXFileReference; explicitFileType = wrapper.application; includeInIndex = 0; path = CineScope.app; sourceTree = BUILT_PRODUCTS_DIR; };
		3227B85E2A98926E005529ED /* CineScopeApp.swift */ = {isa = PBXFileReference; lastKnownFileType = sourcecode.swift; path = CineScopeApp.swift; sourceTree = "<group>"; };
		3227B8602A98926E005529ED /* ContentView.swift */ = {isa = PBXFileReference; lastKnownFileType = sourcecode.swift; path = ContentView.swift; sourceTree = "<group>"; };
		3227B8622A989271005529ED /* Assets.xcassets */ = {isa = PBXFileReference; lastKnownFileType = folder.assetcatalog; path = Assets.xcassets; sourceTree = "<group>"; };
		3227B8652A989271005529ED /* Preview Assets.xcassets */ = {isa = PBXFileReference; lastKnownFileType = folder.assetcatalog; path = "Preview Assets.xcassets"; sourceTree = "<group>"; };
		3227B8672A989271005529ED /* Persistence.swift */ = {isa = PBXFileReference; lastKnownFileType = sourcecode.swift; path = Persistence.swift; sourceTree = "<group>"; };
		3227B86A2A989271005529ED /* CineScope.xcdatamodel */ = {isa = PBXFileReference; lastKnownFileType = wrapper.xcdatamodel; path = CineScope.xcdatamodel; sourceTree = "<group>"; };
		3227B8712A989515005529ED /* ContentView2.swift */ = {isa = PBXFileReference; lastKnownFileType = sourcecode.swift; path = ContentView2.swift; sourceTree = "<group>"; };
		3227B8732A989550005529ED /* MovieModels.swift */ = {isa = PBXFileReference; lastKnownFileType = sourcecode.swift; path = MovieModels.swift; sourceTree = "<group>"; };
		3227B8762A98A493005529ED /* NetworkManager.swift */ = {isa = PBXFileReference; lastKnownFileType = sourcecode.swift; path = NetworkManager.swift; sourceTree = "<group>"; };
		3270319D2A9B9D2300FF0A84 /* Media_ListViewModel.swift */ = {isa = PBXFileReference; lastKnownFileType = sourcecode.swift; path = Media_ListViewModel.swift; sourceTree = "<group>"; };
		3270319F2A9BB6DA00FF0A84 /* MediaListCell.swift */ = {isa = PBXFileReference; lastKnownFileType = sourcecode.swift; path = MediaListCell.swift; sourceTree = "<group>"; };
/* End PBXFileReference section */

/* Begin PBXFrameworksBuildPhase section */
		3227B8582A98926E005529ED /* Frameworks */ = {
			isa = PBXFrameworksBuildPhase;
			buildActionMask = 2147483647;
			files = (
				327031A52A9BB8F700FF0A84 /* URLImageStore in Frameworks */,
				327031A32A9BB8F700FF0A84 /* URLImage in Frameworks */,
			);
			runOnlyForDeploymentPostprocessing = 0;
		};
/* End PBXFrameworksBuildPhase section */

/* Begin PBXGroup section */
		3224196A2A9C59E200DB2901 /* MediaListCell */ = {
			isa = PBXGroup;
			children = (
				3270319F2A9BB6DA00FF0A84 /* MediaListCell.swift */,
				322419682A9C452600DB2901 /* MediaListCellViewModel.swift */,
			);
			path = MediaListCell;
			sourceTree = "<group>";
		};
		3224196B2A9C5BD200DB2901 /* MediaList */ = {
			isa = PBXGroup;
			children = (
				3270319D2A9B9D2300FF0A84 /* Media_ListViewModel.swift */,
				3224196C2A9C5BE600DB2901 /* MovieListView.swift */,
				3224196E2A9C607D00DB2901 /* SeriesListView.swift */,
				322419702A9C71B500DB2901 /* UpcomingEpisodesListView.swift */,
			);
			path = MediaList;
			sourceTree = "<group>";
		};
		3227B8522A98926E005529ED = {
			isa = PBXGroup;
			children = (
				3227B85D2A98926E005529ED /* CineScope */,
				3227B85C2A98926E005529ED /* Products */,
			);
			sourceTree = "<group>";
		};
		3227B85C2A98926E005529ED /* Products */ = {
			isa = PBXGroup;
			children = (
				3227B85B2A98926E005529ED /* CineScope.app */,
			);
			name = Products;
			sourceTree = "<group>";
		};
		3227B85D2A98926E005529ED /* CineScope */ = {
			isa = PBXGroup;
			children = (
				3224196A2A9C59E200DB2901 /* MediaListCell */,
				3227B8782A98B572005529ED /* Data */,
				3227B85E2A98926E005529ED /* CineScopeApp.swift */,
				3227B8602A98926E005529ED /* ContentView.swift */,
				3227B8712A989515005529ED /* ContentView2.swift */,
				3224196B2A9C5BD200DB2901 /* MediaList */,
				3227B8752A989585005529ED /* Models */,
				3227B8622A989271005529ED /* Assets.xcassets */,
				3227B8672A989271005529ED /* Persistence.swift */,
				3227B8692A989271005529ED /* CineScope.xcdatamodeld */,
				3227B8642A989271005529ED /* Preview Content */,
			);
			path = CineScope;
			sourceTree = "<group>";
		};
		3227B8642A989271005529ED /* Preview Content */ = {
			isa = PBXGroup;
			children = (
				3227B8652A989271005529ED /* Preview Assets.xcassets */,
			);
			path = "Preview Content";
			sourceTree = "<group>";
		};
		3227B8752A989585005529ED /* Models */ = {
			isa = PBXGroup;
			children = (
				3227B8732A989550005529ED /* MovieModels.swift */,
			);
			path = Models;
			sourceTree = "<group>";
		};
		3227B8782A98B572005529ED /* Data */ = {
			isa = PBXGroup;
			children = (
				3227B8762A98A493005529ED /* NetworkManager.swift */,
			);
			path = Data;
			sourceTree = "<group>";
		};
/* End PBXGroup section */

/* Begin PBXNativeTarget section */
		3227B85A2A98926E005529ED /* CineScope */ = {
			isa = PBXNativeTarget;
			buildConfigurationList = 3227B86E2A989271005529ED /* Build configuration list for PBXNativeTarget "CineScope" */;
			buildPhases = (
				3227B8572A98926E005529ED /* Sources */,
				3227B8582A98926E005529ED /* Frameworks */,
				3227B8592A98926E005529ED /* Resources */,
			);
			buildRules = (
			);
			dependencies = (
			);
			name = CineScope;
			packageProductDependencies = (
				327031A22A9BB8F700FF0A84 /* URLImage */,
				327031A42A9BB8F700FF0A84 /* URLImageStore */,
			);
			productName = CineScope;
			productReference = 3227B85B2A98926E005529ED /* CineScope.app */;
			productType = "com.apple.product-type.application";
		};
/* End PBXNativeTarget section */

/* Begin PBXProject section */
		3227B8532A98926E005529ED /* Project object */ = {
			isa = PBXProject;
			attributes = {
				BuildIndependentTargetsInParallel = 1;
				LastSwiftUpdateCheck = 1430;
				LastUpgradeCheck = 1430;
				TargetAttributes = {
					3227B85A2A98926E005529ED = {
						CreatedOnToolsVersion = 14.3;
					};
				};
			};
			buildConfigurationList = 3227B8562A98926E005529ED /* Build configuration list for PBXProject "CineScope" */;
			compatibilityVersion = "Xcode 14.0";
			developmentRegion = en;
			hasScannedForEncodings = 0;
			knownRegions = (
				en,
				Base,
			);
			mainGroup = 3227B8522A98926E005529ED;
			packageReferences = (
				327031A12A9BB8F700FF0A84 /* XCRemoteSwiftPackageReference "url-image" */,
			);
			productRefGroup = 3227B85C2A98926E005529ED /* Products */;
			projectDirPath = "";
			projectRoot = "";
			targets = (
				3227B85A2A98926E005529ED /* CineScope */,
			);
		};
/* End PBXProject section */

/* Begin PBXResourcesBuildPhase section */
		3227B8592A98926E005529ED /* Resources */ = {
			isa = PBXResourcesBuildPhase;
			buildActionMask = 2147483647;
			files = (
				3227B8662A989271005529ED /* Preview Assets.xcassets in Resources */,
				3227B8632A989271005529ED /* Assets.xcassets in Resources */,
			);
			runOnlyForDeploymentPostprocessing = 0;
		};
/* End PBXResourcesBuildPhase section */

/* Begin PBXSourcesBuildPhase section */
		3227B8572A98926E005529ED /* Sources */ = {
			isa = PBXSourcesBuildPhase;
			buildActionMask = 2147483647;
			files = (
				322419712A9C71B500DB2901 /* UpcomingEpisodesListView.swift in Sources */,
				327031A02A9BB6DA00FF0A84 /* MediaListCell.swift in Sources */,
				3224196F2A9C607D00DB2901 /* SeriesListView.swift in Sources */,
				3227B8772A98A493005529ED /* NetworkManager.swift in Sources */,
				3227B8682A989271005529ED /* Persistence.swift in Sources */,
				322419692A9C452600DB2901 /* MediaListCellViewModel.swift in Sources */,
				3227B8612A98926E005529ED /* ContentView.swift in Sources */,
				3224196D2A9C5BE600DB2901 /* MovieListView.swift in Sources */,
				3270319E2A9B9D2300FF0A84 /* Media_ListViewModel.swift in Sources */,
				3227B85F2A98926E005529ED /* CineScopeApp.swift in Sources */,
				3227B8722A989515005529ED /* ContentView2.swift in Sources */,
				3227B8742A989550005529ED /* MovieModels.swift in Sources */,
				3227B86B2A989271005529ED /* CineScope.xcdatamodeld in Sources */,
			);
			runOnlyForDeploymentPostprocessing = 0;
		};
/* End PBXSourcesBuildPhase section */

/* Begin XCBuildConfiguration section */
		3227B86C2A989271005529ED /* Debug */ = {
			isa = XCBuildConfiguration;
			buildSettings = {
				ALWAYS_SEARCH_USER_PATHS = NO;
				CLANG_ANALYZER_NONNULL = YES;
				CLANG_ANALYZER_NUMBER_OBJECT_CONVERSION = YES_AGGRESSIVE;
				CLANG_CXX_LANGUAGE_STANDARD = "gnu++20";
				CLANG_ENABLE_MODULES = YES;
				CLANG_ENABLE_OBJC_ARC = YES;
				CLANG_ENABLE_OBJC_WEAK = YES;
				CLANG_WARN_BLOCK_CAPTURE_AUTORELEASING = YES;
				CLANG_WARN_BOOL_CONVERSION = YES;
				CLANG_WARN_COMMA = YES;
				CLANG_WARN_CONSTANT_CONVERSION = YES;
				CLANG_WARN_DEPRECATED_OBJC_IMPLEMENTATIONS = YES;
				CLANG_WARN_DIRECT_OBJC_ISA_USAGE = YES_ERROR;
				CLANG_WARN_DOCUMENTATION_COMMENTS = YES;
				CLANG_WARN_EMPTY_BODY = YES;
				CLANG_WARN_ENUM_CONVERSION = YES;
				CLANG_WARN_INFINITE_RECURSION = YES;
				CLANG_WARN_INT_CONVERSION = YES;
				CLANG_WARN_NON_LITERAL_NULL_CONVERSION = YES;
				CLANG_WARN_OBJC_IMPLICIT_RETAIN_SELF = YES;
				CLANG_WARN_OBJC_LITERAL_CONVERSION = YES;
				CLANG_WARN_OBJC_ROOT_CLASS = YES_ERROR;
				CLANG_WARN_QUOTED_INCLUDE_IN_FRAMEWORK_HEADER = YES;
				CLANG_WARN_RANGE_LOOP_ANALYSIS = YES;
				CLANG_WARN_STRICT_PROTOTYPES = YES;
				CLANG_WARN_SUSPICIOUS_MOVE = YES;
				CLANG_WARN_UNGUARDED_AVAILABILITY = YES_AGGRESSIVE;
				CLANG_WARN_UNREACHABLE_CODE = YES;
				CLANG_WARN__DUPLICATE_METHOD_MATCH = YES;
				COPY_PHASE_STRIP = NO;
				DEBUG_INFORMATION_FORMAT = dwarf;
				ENABLE_STRICT_OBJC_MSGSEND = YES;
				ENABLE_TESTABILITY = YES;
				GCC_C_LANGUAGE_STANDARD = gnu11;
				GCC_DYNAMIC_NO_PIC = NO;
				GCC_NO_COMMON_BLOCKS = YES;
				GCC_OPTIMIZATION_LEVEL = 0;
				GCC_PREPROCESSOR_DEFINITIONS = (
					"DEBUG=1",
					"$(inherited)",
				);
				GCC_WARN_64_TO_32_BIT_CONVERSION = YES;
				GCC_WARN_ABOUT_RETURN_TYPE = YES_ERROR;
				GCC_WARN_UNDECLARED_SELECTOR = YES;
				GCC_WARN_UNINITIALIZED_AUTOS = YES_AGGRESSIVE;
				GCC_WARN_UNUSED_FUNCTION = YES;
				GCC_WARN_UNUSED_VARIABLE = YES;
				IPHONEOS_DEPLOYMENT_TARGET = 16.4;
				MTL_ENABLE_DEBUG_INFO = INCLUDE_SOURCE;
				MTL_FAST_MATH = YES;
				ONLY_ACTIVE_ARCH = YES;
				SDKROOT = iphoneos;
				SWIFT_ACTIVE_COMPILATION_CONDITIONS = DEBUG;
				SWIFT_OPTIMIZATION_LEVEL = "-Onone";
			};
			name = Debug;
		};
		3227B86D2A989271005529ED /* Release */ = {
			isa = XCBuildConfiguration;
			buildSettings = {
				ALWAYS_SEARCH_USER_PATHS = NO;
				CLANG_ANALYZER_NONNULL = YES;
				CLANG_ANALYZER_NUMBER_OBJECT_CONVERSION = YES_AGGRESSIVE;
				CLANG_CXX_LANGUAGE_STANDARD = "gnu++20";
				CLANG_ENABLE_MODULES = YES;
				CLANG_ENABLE_OBJC_ARC = YES;
				CLANG_ENABLE_OBJC_WEAK = YES;
				CLANG_WARN_BLOCK_CAPTURE_AUTORELEASING = YES;
				CLANG_WARN_BOOL_CONVERSION = YES;
				CLANG_WARN_COMMA = YES;
				CLANG_WARN_CONSTANT_CONVERSION = YES;
				CLANG_WARN_DEPRECATED_OBJC_IMPLEMENTATIONS = YES;
				CLANG_WARN_DIRECT_OBJC_ISA_USAGE = YES_ERROR;
				CLANG_WARN_DOCUMENTATION_COMMENTS = YES;
				CLANG_WARN_EMPTY_BODY = YES;
				CLANG_WARN_ENUM_CONVERSION = YES;
				CLANG_WARN_INFINITE_RECURSION = YES;
				CLANG_WARN_INT_CONVERSION = YES;
				CLANG_WARN_NON_LITERAL_NULL_CONVERSION = YES;
				CLANG_WARN_OBJC_IMPLICIT_RETAIN_SELF = YES;
				CLANG_WARN_OBJC_LITERAL_CONVERSION = YES;
				CLANG_WARN_OBJC_ROOT_CLASS = YES_ERROR;
				CLANG_WARN_QUOTED_INCLUDE_IN_FRAMEWORK_HEADER = YES;
				CLANG_WARN_RANGE_LOOP_ANALYSIS = YES;
				CLANG_WARN_STRICT_PROTOTYPES = YES;
				CLANG_WARN_SUSPICIOUS_MOVE = YES;
				CLANG_WARN_UNGUARDED_AVAILABILITY = YES_AGGRESSIVE;
				CLANG_WARN_UNREACHABLE_CODE = YES;
				CLANG_WARN__DUPLICATE_METHOD_MATCH = YES;
				COPY_PHASE_STRIP = NO;
				DEBUG_INFORMATION_FORMAT = "dwarf-with-dsym";
				ENABLE_NS_ASSERTIONS = NO;
				ENABLE_STRICT_OBJC_MSGSEND = YES;
				GCC_C_LANGUAGE_STANDARD = gnu11;
				GCC_NO_COMMON_BLOCKS = YES;
				GCC_WARN_64_TO_32_BIT_CONVERSION = YES;
				GCC_WARN_ABOUT_RETURN_TYPE = YES_ERROR;
				GCC_WARN_UNDECLARED_SELECTOR = YES;
				GCC_WARN_UNINITIALIZED_AUTOS = YES_AGGRESSIVE;
				GCC_WARN_UNUSED_FUNCTION = YES;
				GCC_WARN_UNUSED_VARIABLE = YES;
				IPHONEOS_DEPLOYMENT_TARGET = 16.4;
				MTL_ENABLE_DEBUG_INFO = NO;
				MTL_FAST_MATH = YES;
				SDKROOT = iphoneos;
				SWIFT_COMPILATION_MODE = wholemodule;
				SWIFT_OPTIMIZATION_LEVEL = "-O";
				VALIDATE_PRODUCT = YES;
			};
			name = Release;
		};
		3227B86F2A989271005529ED /* Debug */ = {
			isa = XCBuildConfiguration;
			buildSettings = {
				ASSETCATALOG_COMPILER_APPICON_NAME = AppIcon;
				ASSETCATALOG_COMPILER_GLOBAL_ACCENT_COLOR_NAME = AccentColor;
				CODE_SIGN_STYLE = Automatic;
				CURRENT_PROJECT_VERSION = 1;
				DEVELOPMENT_ASSET_PATHS = "\"CineScope/Preview Content\"";
				ENABLE_PREVIEWS = YES;
				GENERATE_INFOPLIST_FILE = YES;
				INFOPLIST_KEY_UIApplicationSceneManifest_Generation = YES;
				INFOPLIST_KEY_UIApplicationSupportsIndirectInputEvents = YES;
				INFOPLIST_KEY_UILaunchScreen_Generation = YES;
				INFOPLIST_KEY_UISupportedInterfaceOrientations_iPad = "UIInterfaceOrientationPortrait UIInterfaceOrientationPortraitUpsideDown UIInterfaceOrientationLandscapeLeft UIInterfaceOrientationLandscapeRight";
				INFOPLIST_KEY_UISupportedInterfaceOrientations_iPhone = "UIInterfaceOrientationPortrait UIInterfaceOrientationLandscapeLeft UIInterfaceOrientationLandscapeRight";
				LD_RUNPATH_SEARCH_PATHS = (
					"$(inherited)",
					"@executable_path/Frameworks",
				);
				MARKETING_VERSION = 1.0;
				PRODUCT_BUNDLE_IDENTIFIER = pip.CineScope;
				PRODUCT_NAME = "$(TARGET_NAME)";
				SWIFT_EMIT_LOC_STRINGS = YES;
				SWIFT_VERSION = 5.0;
				TARGETED_DEVICE_FAMILY = "1,2";
			};
			name = Debug;
		};
		3227B8702A989271005529ED /* Release */ = {
			isa = XCBuildConfiguration;
			buildSettings = {
				ASSETCATALOG_COMPILER_APPICON_NAME = AppIcon;
				ASSETCATALOG_COMPILER_GLOBAL_ACCENT_COLOR_NAME = AccentColor;
				CODE_SIGN_STYLE = Automatic;
				CURRENT_PROJECT_VERSION = 1;
				DEVELOPMENT_ASSET_PATHS = "\"CineScope/Preview Content\"";
				ENABLE_PREVIEWS = YES;
				GENERATE_INFOPLIST_FILE = YES;
				INFOPLIST_KEY_UIApplicationSceneManifest_Generation = YES;
				INFOPLIST_KEY_UIApplicationSupportsIndirectInputEvents = YES;
				INFOPLIST_KEY_UILaunchScreen_Generation = YES;
				INFOPLIST_KEY_UISupportedInterfaceOrientations_iPad = "UIInterfaceOrientationPortrait UIInterfaceOrientationPortraitUpsideDown UIInterfaceOrientationLandscapeLeft UIInterfaceOrientationLandscapeRight";
				INFOPLIST_KEY_UISupportedInterfaceOrientations_iPhone = "UIInterfaceOrientationPortrait UIInterfaceOrientationLandscapeLeft UIInterfaceOrientationLandscapeRight";
				LD_RUNPATH_SEARCH_PATHS = (
					"$(inherited)",
					"@executable_path/Frameworks",
				);
				MARKETING_VERSION = 1.0;
				PRODUCT_BUNDLE_IDENTIFIER = pip.CineScope;
				PRODUCT_NAME = "$(TARGET_NAME)";
				SWIFT_EMIT_LOC_STRINGS = YES;
				SWIFT_VERSION = 5.0;
				TARGETED_DEVICE_FAMILY = "1,2";
			};
			name = Release;
		};
/* End XCBuildConfiguration section */

/* Begin XCConfigurationList section */
		3227B8562A98926E005529ED /* Build configuration list for PBXProject "CineScope" */ = {
			isa = XCConfigurationList;
			buildConfigurations = (
				3227B86C2A989271005529ED /* Debug */,
				3227B86D2A989271005529ED /* Release */,
			);
			defaultConfigurationIsVisible = 0;
			defaultConfigurationName = Release;
		};
		3227B86E2A989271005529ED /* Build configuration list for PBXNativeTarget "CineScope" */ = {
			isa = XCConfigurationList;
			buildConfigurations = (
				3227B86F2A989271005529ED /* Debug */,
				3227B8702A989271005529ED /* Release */,
			);
			defaultConfigurationIsVisible = 0;
			defaultConfigurationName = Release;
		};
/* End XCConfigurationList section */

/* Begin XCRemoteSwiftPackageReference section */
		327031A12A9BB8F700FF0A84 /* XCRemoteSwiftPackageReference "url-image" */ = {
			isa = XCRemoteSwiftPackageReference;
			repositoryURL = "https://github.com/dmytro-anokhin/url-image";
			requirement = {
				kind = upToNextMajorVersion;
				minimumVersion = 3.0.0;
			};
		};
/* End XCRemoteSwiftPackageReference section */

/* Begin XCSwiftPackageProductDependency section */
		327031A22A9BB8F700FF0A84 /* URLImage */ = {
			isa = XCSwiftPackageProductDependency;
			package = 327031A12A9BB8F700FF0A84 /* XCRemoteSwiftPackageReference "url-image" */;
			productName = URLImage;
		};
		327031A42A9BB8F700FF0A84 /* URLImageStore */ = {
			isa = XCSwiftPackageProductDependency;
			package = 327031A12A9BB8F700FF0A84 /* XCRemoteSwiftPackageReference "url-image" */;
			productName = URLImageStore;
		};
/* End XCSwiftPackageProductDependency section */

/* Begin XCVersionGroup section */
		3227B8692A989271005529ED /* CineScope.xcdatamodeld */ = {
			isa = XCVersionGroup;
			children = (
				3227B86A2A989271005529ED /* CineScope.xcdatamodel */,
			);
			currentVersion = 3227B86A2A989271005529ED /* CineScope.xcdatamodel */;
			path = CineScope.xcdatamodeld;
			sourceTree = "<group>";
			versionGroupType = wrapper.xcdatamodel;
		};
/* End XCVersionGroup section */
	};
	rootObject = 3227B8532A98926E005529ED /* Project object */;
}
